PODS:
  - Charts (3.1.1):
    - Charts/Core (= 3.1.1)
  - Charts/Core (3.1.1)
  - SwiftBytes (0.6.0)

DEPENDENCIES:
  - Charts
  - SwiftBytes (from `https://github.com/Tombio/swift-bytes.git`)

EXTERNAL SOURCES:
  SwiftBytes:
    :git: https://github.com/Tombio/swift-bytes.git

CHECKOUT OPTIONS:
  SwiftBytes:
    :commit: b0311f48ac02e13e68719f6f7f830ed778209a8f
    :git: https://github.com/Tombio/swift-bytes.git

SPEC CHECKSUMS:
  Charts: 90a4d61da0f6e06684c591e3bcab11940fe61736
  SwiftBytes: b605b45d1fd8ba13b37e39973d35c0c81bb14833

PODFILE CHECKSUM: 21f7e5043ce1bd7be37dbf3613ebc4cacc2b5767

COCOAPODS: 1.4.0
